
Microsoft Visual Studio Solution File, Format Version 12.00
# Visual Studio 14
VisualStudioVersion = 14.0.23107.0
MinimumVisualStudioVersion = 10.0.40219.1
Project("{FAE04EC0-301F-11D3-BF4B-00C04F79EFBC}") = "WakeMeOnLan", "WakeMeOnLan\WakeMeOnLan.csproj", "{048D1E5C-C57E-49D2-A03E-9F675835F98A}"
EndProject
Global
	GlobalSection(SolutionConfigurationPlatforms) = preSolution
		Debug|Any CPU = Debug|Any CPU
		Release|Any CPU = Release|Any CPU
	EndGlobalSection
	GlobalSection(ProjectConfigurationPlatforms) = postSolution
		{048D1E5C-C57E-49D2-A03E-9F675835F98A}.Debug|Any CPU.ActiveCfg = Debug|Any CPU
		{048D1E5C-C57E-49D2-A03E-9F675835F98A}.Debug|Any CPU.Build.0 = Debug|Any CPU
		{048D1E5C-C57E-49D2-A03E-9F675835F98A}.Release|Any CPU.ActiveCfg = Release|Any CPU
		{048D1E5C-C57E-49D2-A03E-9F675835F98A}.Release|Any CPU.Build.0 = Release|Any CPU
	EndGlobalSection
	GlobalSection(SolutionProperties) = preSolution
		HideSolutionNode = FALSE
	EndGlobalSection
EndGlobal
